// !$*UTF8*$!
{
	archiveVersion = 1;
	classes = {
	};
	objectVersion = 56;
	objects = {

/* Begin PBXBuildFile section */
		382F94BB2A01AE82005696F1 /* TabBarController.swift in Sources */ = {isa = PBXBuildFile; fileRef = 382F94BA2A01AE82005696F1 /* TabBarController.swift */; };
		38476AE02A008BEE00726B35 /* RegisterViewController.swift in Sources */ = {isa = PBXBuildFile; fileRef = 38476ADF2A008BEE00726B35 /* RegisterViewController.swift */; };
		38476AE72A008C4200726B35 /* DeletedItemsViewControllerViewController.swift in Sources */ = {isa = PBXBuildFile; fileRef = 38476AE62A008C4200726B35 /* DeletedItemsViewControllerViewController.swift */; };
		386278222A01BC2A005E3786 /* RegisterTableViewCell.swift in Sources */ = {isa = PBXBuildFile; fileRef = 386278202A01BC2A005E3786 /* RegisterTableViewCell.swift */; };
		386278232A01BC2A005E3786 /* RegisterTableViewCell.xib in Resources */ = {isa = PBXBuildFile; fileRef = 386278212A01BC2A005E3786 /* RegisterTableViewCell.xib */; };
		386278262A01CE41005E3786 /* Profile.swift in Sources */ = {isa = PBXBuildFile; fileRef = 386278252A01CE41005E3786 /* Profile.swift */; };
		38C6732A29F8B623008F8DA3 /* AppDelegate.swift in Sources */ = {isa = PBXBuildFile; fileRef = 38C6732929F8B623008F8DA3 /* AppDelegate.swift */; };
		38C6732C29F8B623008F8DA3 /* SceneDelegate.swift in Sources */ = {isa = PBXBuildFile; fileRef = 38C6732B29F8B623008F8DA3 /* SceneDelegate.swift */; };
		38C6733129F8B623008F8DA3 /* Main.storyboard in Resources */ = {isa = PBXBuildFile; fileRef = 38C6732F29F8B623008F8DA3 /* Main.storyboard */; };
		38C6733329F8B624008F8DA3 /* Assets.xcassets in Resources */ = {isa = PBXBuildFile; fileRef = 38C6733229F8B624008F8DA3 /* Assets.xcassets */; };
		38C6733629F8B624008F8DA3 /* LaunchScreen.storyboard in Resources */ = {isa = PBXBuildFile; fileRef = 38C6733429F8B624008F8DA3 /* LaunchScreen.storyboard */; };
		38C6B0A12A00A1C700381F6E /* StudentListViewController.swift in Sources */ = {isa = PBXBuildFile; fileRef = 38C6B0A02A00A1C700381F6E /* StudentListViewController.swift */; };
/* End PBXBuildFile section */

/* Begin PBXFileReference section */
		382F94BA2A01AE82005696F1 /* TabBarController.swift */ = {isa = PBXFileReference; lastKnownFileType = sourcecode.swift; path = TabBarController.swift; sourceTree = "<group>"; };
		38476ADF2A008BEE00726B35 /* RegisterViewController.swift */ = {isa = PBXFileReference; lastKnownFileType = sourcecode.swift; path = RegisterViewController.swift; sourceTree = "<group>"; };
		38476AE62A008C4200726B35 /* DeletedItemsViewControllerViewController.swift */ = {isa = PBXFileReference; lastKnownFileType = sourcecode.swift; path = DeletedItemsViewControllerViewController.swift; sourceTree = "<group>"; };
		386278202A01BC2A005E3786 /* RegisterTableViewCell.swift */ = {isa = PBXFileReference; lastKnownFileType = sourcecode.swift; path = RegisterTableViewCell.swift; sourceTree = "<group>"; };
		386278212A01BC2A005E3786 /* RegisterTableViewCell.xib */ = {isa = PBXFileReference; lastKnownFileType = file.xib; path = RegisterTableViewCell.xib; sourceTree = "<group>"; };
		386278252A01CE41005E3786 /* Profile.swift */ = {isa = PBXFileReference; lastKnownFileType = sourcecode.swift; path = Profile.swift; sourceTree = "<group>"; };
		38C6732629F8B623008F8DA3 /* DesafioTabBar.app */ = {isa = PBXFileReference; explicitFileType = wrapper.application; includeInIndex = 0; path = DesafioTabBar.app; sourceTree = BUILT_PRODUCTS_DIR; };
		38C6732929F8B623008F8DA3 /* AppDelegate.swift */ = {isa = PBXFileReference; lastKnownFileType = sourcecode.swift; path = AppDelegate.swift; sourceTree = "<group>"; };
		38C6732B29F8B623008F8DA3 /* SceneDelegate.swift */ = {isa = PBXFileReference; lastKnownFileType = sourcecode.swift; path = SceneDelegate.swift; sourceTree = "<group>"; };
		38C6733029F8B623008F8DA3 /* Base */ = {isa = PBXFileReference; lastKnownFileType = file.storyboard; name = Base; path = Base.lproj/Main.storyboard; sourceTree = "<group>"; };
		38C6733229F8B624008F8DA3 /* Assets.xcassets */ = {isa = PBXFileReference; lastKnownFileType = folder.assetcatalog; path = Assets.xcassets; sourceTree = "<group>"; };
		38C6733529F8B624008F8DA3 /* Base */ = {isa = PBXFileReference; lastKnownFileType = file.storyboard; name = Base; path = Base.lproj/LaunchScreen.storyboard; sourceTree = "<group>"; };
		38C6733729F8B624008F8DA3 /* Info.plist */ = {isa = PBXFileReference; lastKnownFileType = text.plist.xml; path = Info.plist; sourceTree = "<group>"; };
		38C6B0A02A00A1C700381F6E /* StudentListViewController.swift */ = {isa = PBXFileReference; lastKnownFileType = sourcecode.swift; path = StudentListViewController.swift; sourceTree = "<group>"; };
/* End PBXFileReference section */

/* Begin PBXFrameworksBuildPhase section */
		38C6732329F8B623008F8DA3 /* Frameworks */ = {
			isa = PBXFrameworksBuildPhase;
			buildActionMask = 2147483647;
			files = (
			);
			runOnlyForDeploymentPostprocessing = 0;
		};
/* End PBXFrameworksBuildPhase section */

/* Begin PBXGroup section */
		38476ADE2A008BC300726B35 /* Register */ = {
			isa = PBXGroup;
			children = (
				3862781F2A01BBE0005E3786 /* Cell */,
				38476ADF2A008BEE00726B35 /* RegisterViewController.swift */,
			);
			path = Register;
			sourceTree = "<group>";
		};
		38476AE12A008C0000726B35 /* StudentList */ = {
			isa = PBXGroup;
			children = (
				38C6B0A02A00A1C700381F6E /* StudentListViewController.swift */,
			);
			path = StudentList;
			sourceTree = "<group>";
		};
		38476AE52A008C2900726B35 /* DeletedItems */ = {
			isa = PBXGroup;
			children = (
				38476AE62A008C4200726B35 /* DeletedItemsViewControllerViewController.swift */,
			);
			path = DeletedItems;
			sourceTree = "<group>";
		};
		38476AE82A0090EF00726B35 /* TabBar */ = {
			isa = PBXGroup;
			children = (
				382F94BA2A01AE82005696F1 /* TabBarController.swift */,
			);
			path = TabBar;
			sourceTree = "<group>";
		};
		3862781F2A01BBE0005E3786 /* Cell */ = {
			isa = PBXGroup;
			children = (
				386278202A01BC2A005E3786 /* RegisterTableViewCell.swift */,
				386278212A01BC2A005E3786 /* RegisterTableViewCell.xib */,
			);
			path = Cell;
			sourceTree = "<group>";
		};
		386278242A01CE31005E3786 /* Model */ = {
			isa = PBXGroup;
			children = (
				386278252A01CE41005E3786 /* Profile.swift */,
			);
			path = Model;
			sourceTree = "<group>";
		};
		38C6731D29F8B623008F8DA3 = {
			isa = PBXGroup;
			children = (
				38C6732829F8B623008F8DA3 /* DesafioTabBar */,
				38C6732729F8B623008F8DA3 /* Products */,
			);
			sourceTree = "<group>";
		};
		38C6732729F8B623008F8DA3 /* Products */ = {
			isa = PBXGroup;
			children = (
				38C6732629F8B623008F8DA3 /* DesafioTabBar.app */,
			);
			name = Products;
			sourceTree = "<group>";
		};
		38C6732829F8B623008F8DA3 /* DesafioTabBar */ = {
			isa = PBXGroup;
			children = (
				386278242A01CE31005E3786 /* Model */,
				38476ADE2A008BC300726B35 /* Register */,
				38476AE12A008C0000726B35 /* StudentList */,
				38476AE52A008C2900726B35 /* DeletedItems */,
				38476AE82A0090EF00726B35 /* TabBar */,
				38C6732929F8B623008F8DA3 /* AppDelegate.swift */,
				38C6732B29F8B623008F8DA3 /* SceneDelegate.swift */,
				38C6732F29F8B623008F8DA3 /* Main.storyboard */,
				38C6733229F8B624008F8DA3 /* Assets.xcassets */,
				38C6733429F8B624008F8DA3 /* LaunchScreen.storyboard */,
				38C6733729F8B624008F8DA3 /* Info.plist */,
			);
			path = DesafioTabBar;
			sourceTree = "<group>";
		};
/* End PBXGroup section */

/* Begin PBXNativeTarget section */
		38C6732529F8B623008F8DA3 /* DesafioTabBar */ = {
			isa = PBXNativeTarget;
			buildConfigurationList = 38C6733A29F8B624008F8DA3 /* Build configuration list for PBXNativeTarget "DesafioTabBar" */;
			buildPhases = (
				38C6732229F8B623008F8DA3 /* Sources */,
				38C6732329F8B623008F8DA3 /* Frameworks */,
				38C6732429F8B623008F8DA3 /* Resources */,
			);
			buildRules = (
			);
			dependencies = (
			);
			name = DesafioTabBar;
			productName = DesafioTabBar;
			productReference = 38C6732629F8B623008F8DA3 /* DesafioTabBar.app */;
			productType = "com.apple.product-type.application";
		};
/* End PBXNativeTarget section */

/* Begin PBXProject section */
		38C6731E29F8B623008F8DA3 /* Project object */ = {
			isa = PBXProject;
			attributes = {
				BuildIndependentTargetsInParallel = 1;
				LastSwiftUpdateCheck = 1420;
				LastUpgradeCheck = 1420;
				TargetAttributes = {
					38C6732529F8B623008F8DA3 = {
						CreatedOnToolsVersion = 14.2;
					};
				};
			};
			buildConfigurationList = 38C6732129F8B623008F8DA3 /* Build configuration list for PBXProject "DesafioTabBar" */;
			compatibilityVersion = "Xcode 14.0";
			developmentRegion = en;
			hasScannedForEncodings = 0;
			knownRegions = (
				en,
				Base,
			);
			mainGroup = 38C6731D29F8B623008F8DA3;
			productRefGroup = 38C6732729F8B623008F8DA3 /* Products */;
			projectDirPath = "";
			projectRoot = "";
			targets = (
				38C6732529F8B623008F8DA3 /* DesafioTabBar */,
			);
		};
/* End PBXProject section */

/* Begin PBXResourcesBuildPhase section */
		38C6732429F8B623008F8DA3 /* Resources */ = {
			isa = PBXResourcesBuildPhase;
			buildActionMask = 2147483647;
			files = (
				38C6733629F8B624008F8DA3 /* LaunchScreen.storyboard in Resources */,
				38C6733329F8B624008F8DA3 /* Assets.xcassets in Resources */,
				386278232A01BC2A005E3786 /* RegisterTableViewCell.xib in Resources */,
				38C6733129F8B623008F8DA3 /* Main.storyboard in Resources */,
			);
			runOnlyForDeploymentPostprocessing = 0;
		};
/* End PBXResourcesBuildPhase section */

/* Begin PBXSourcesBuildPhase section */
		38C6732229F8B623008F8DA3 /* Sources */ = {
			isa = PBXSourcesBuildPhase;
			buildActionMask = 2147483647;
			files = (
				38C6B0A12A00A1C700381F6E /* StudentListViewController.swift in Sources */,
				386278262A01CE41005E3786 /* Profile.swift in Sources */,
				38476AE72A008C4200726B35 /* DeletedItemsViewControllerViewController.swift in Sources */,
				38C6732A29F8B623008F8DA3 /* AppDelegate.swift in Sources */,
				386278222A01BC2A005E3786 /* RegisterTableViewCell.swift in Sources */,
				382F94BB2A01AE82005696F1 /* TabBarController.swift in Sources */,
				38C6732C29F8B623008F8DA3 /* SceneDelegate.swift in Sources */,
				38476AE02A008BEE00726B35 /* RegisterViewController.swift in Sources */,
			);
			runOnlyForDeploymentPostprocessing = 0;
		};
/* End PBXSourcesBuildPhase section */

/* Begin PBXVariantGroup section */
		38C6732F29F8B623008F8DA3 /* Main.storyboard */ = {
			isa = PBXVariantGroup;
			children = (
				38C6733029F8B623008F8DA3 /* Base */,
			);
			name = Main.storyboard;
			sourceTree = "<group>";
		};
		38C6733429F8B624008F8DA3 /* LaunchScreen.storyboard */ = {
			isa = PBXVariantGroup;
			children = (
				38C6733529F8B624008F8DA3 /* Base */,
			);
			name = LaunchScreen.storyboard;
			sourceTree = "<group>";
		};
/* End PBXVariantGroup section */

/* Begin XCBuildConfiguration section */
		38C6733829F8B624008F8DA3 /* Debug */ = {
			isa = XCBuildConfiguration;
			buildSettings = {
				ALWAYS_SEARCH_USER_PATHS = NO;
				CLANG_ANALYZER_NONNULL = YES;
				CLANG_ANALYZER_NUMBER_OBJECT_CONVERSION = YES_AGGRESSIVE;
				CLANG_CXX_LANGUAGE_STANDARD = "gnu++20";
				CLANG_ENABLE_MODULES = YES;
				CLANG_ENABLE_OBJC_ARC = YES;
				CLANG_ENABLE_OBJC_WEAK = YES;
				CLANG_WARN_BLOCK_CAPTURE_AUTORELEASING = YES;
				CLANG_WARN_BOOL_CONVERSION = YES;
				CLANG_WARN_COMMA = YES;
				CLANG_WARN_CONSTANT_CONVERSION = YES;
				CLANG_WARN_DEPRECATED_OBJC_IMPLEMENTATIONS = YES;
				CLANG_WARN_DIRECT_OBJC_ISA_USAGE = YES_ERROR;
				CLANG_WARN_DOCUMENTATION_COMMENTS = YES;
				CLANG_WARN_EMPTY_BODY = YES;
				CLANG_WARN_ENUM_CONVERSION = YES;
				CLANG_WARN_INFINITE_RECURSION = YES;
				CLANG_WARN_INT_CONVERSION = YES;
				CLANG_WARN_NON_LITERAL_NULL_CONVERSION = YES;
				CLANG_WARN_OBJC_IMPLICIT_RETAIN_SELF = YES;
				CLANG_WARN_OBJC_LITERAL_CONVERSION = YES;
				CLANG_WARN_OBJC_ROOT_CLASS = YES_ERROR;
				CLANG_WARN_QUOTED_INCLUDE_IN_FRAMEWORK_HEADER = YES;
				CLANG_WARN_RANGE_LOOP_ANALYSIS = YES;
				CLANG_WARN_STRICT_PROTOTYPES = YES;
				CLANG_WARN_SUSPICIOUS_MOVE = YES;
				CLANG_WARN_UNGUARDED_AVAILABILITY = YES_AGGRESSIVE;
				CLANG_WARN_UNREACHABLE_CODE = YES;
				CLANG_WARN__DUPLICATE_METHOD_MATCH = YES;
				COPY_PHASE_STRIP = NO;
				DEBUG_INFORMATION_FORMAT = dwarf;
				ENABLE_STRICT_OBJC_MSGSEND = YES;
				ENABLE_TESTABILITY = YES;
				GCC_C_LANGUAGE_STANDARD = gnu11;
				GCC_DYNAMIC_NO_PIC = NO;
				GCC_NO_COMMON_BLOCKS = YES;
				GCC_OPTIMIZATION_LEVEL = 0;
				GCC_PREPROCESSOR_DEFINITIONS = (
					"DEBUG=1",
					"$(inherited)",
				);
				GCC_WARN_64_TO_32_BIT_CONVERSION = YES;
				GCC_WARN_ABOUT_RETURN_TYPE = YES_ERROR;
				GCC_WARN_UNDECLARED_SELECTOR = YES;
				GCC_WARN_UNINITIALIZED_AUTOS = YES_AGGRESSIVE;
				GCC_WARN_UNUSED_FUNCTION = YES;
				GCC_WARN_UNUSED_VARIABLE = YES;
				IPHONEOS_DEPLOYMENT_TARGET = 16.2;
				MTL_ENABLE_DEBUG_INFO = INCLUDE_SOURCE;
				MTL_FAST_MATH = YES;
				ONLY_ACTIVE_ARCH = YES;
				SDKROOT = iphoneos;
				SWIFT_ACTIVE_COMPILATION_CONDITIONS = DEBUG;
				SWIFT_OPTIMIZATION_LEVEL = "-Onone";
			};
			name = Debug;
		};
		38C6733929F8B624008F8DA3 /* Release */ = {
			isa = XCBuildConfiguration;
			buildSettings = {
				ALWAYS_SEARCH_USER_PATHS = NO;
				CLANG_ANALYZER_NONNULL = YES;
				CLANG_ANALYZER_NUMBER_OBJECT_CONVERSION = YES_AGGRESSIVE;
				CLANG_CXX_LANGUAGE_STANDARD = "gnu++20";
				CLANG_ENABLE_MODULES = YES;
				CLANG_ENABLE_OBJC_ARC = YES;
				CLANG_ENABLE_OBJC_WEAK = YES;
				CLANG_WARN_BLOCK_CAPTURE_AUTORELEASING = YES;
				CLANG_WARN_BOOL_CONVERSION = YES;
				CLANG_WARN_COMMA = YES;
				CLANG_WARN_CONSTANT_CONVERSION = YES;
				CLANG_WARN_DEPRECATED_OBJC_IMPLEMENTATIONS = YES;
				CLANG_WARN_DIRECT_OBJC_ISA_USAGE = YES_ERROR;
				CLANG_WARN_DOCUMENTATION_COMMENTS = YES;
				CLANG_WARN_EMPTY_BODY = YES;
				CLANG_WARN_ENUM_CONVERSION = YES;
				CLANG_WARN_INFINITE_RECURSION = YES;
				CLANG_WARN_INT_CONVERSION = YES;
				CLANG_WARN_NON_LITERAL_NULL_CONVERSION = YES;
				CLANG_WARN_OBJC_IMPLICIT_RETAIN_SELF = YES;
				CLANG_WARN_OBJC_LITERAL_CONVERSION = YES;
				CLANG_WARN_OBJC_ROOT_CLASS = YES_ERROR;
				CLANG_WARN_QUOTED_INCLUDE_IN_FRAMEWORK_HEADER = YES;
				CLANG_WARN_RANGE_LOOP_ANALYSIS = YES;
				CLANG_WARN_STRICT_PROTOTYPES = YES;
				CLANG_WARN_SUSPICIOUS_MOVE = YES;
				CLANG_WARN_UNGUARDED_AVAILABILITY = YES_AGGRESSIVE;
				CLANG_WARN_UNREACHABLE_CODE = YES;
				CLANG_WARN__DUPLICATE_METHOD_MATCH = YES;
				COPY_PHASE_STRIP = NO;
				DEBUG_INFORMATION_FORMAT = "dwarf-with-dsym";
				ENABLE_NS_ASSERTIONS = NO;
				ENABLE_STRICT_OBJC_MSGSEND = YES;
				GCC_C_LANGUAGE_STANDARD = gnu11;
				GCC_NO_COMMON_BLOCKS = YES;
				GCC_WARN_64_TO_32_BIT_CONVERSION = YES;
				GCC_WARN_ABOUT_RETURN_TYPE = YES_ERROR;
				GCC_WARN_UNDECLARED_SELECTOR = YES;
				GCC_WARN_UNINITIALIZED_AUTOS = YES_AGGRESSIVE;
				GCC_WARN_UNUSED_FUNCTION = YES;
				GCC_WARN_UNUSED_VARIABLE = YES;
				IPHONEOS_DEPLOYMENT_TARGET = 16.2;
				MTL_ENABLE_DEBUG_INFO = NO;
				MTL_FAST_MATH = YES;
				SDKROOT = iphoneos;
				SWIFT_COMPILATION_MODE = wholemodule;
				SWIFT_OPTIMIZATION_LEVEL = "-O";
				VALIDATE_PRODUCT = YES;
			};
			name = Release;
		};
		38C6733B29F8B624008F8DA3 /* Debug */ = {
			isa = XCBuildConfiguration;
			buildSettings = {
				ASSETCATALOG_COMPILER_APPICON_NAME = AppIcon;
				ASSETCATALOG_COMPILER_GLOBAL_ACCENT_COLOR_NAME = AccentColor;
				CODE_SIGN_STYLE = Automatic;
				CURRENT_PROJECT_VERSION = 1;
				GENERATE_INFOPLIST_FILE = YES;
				INFOPLIST_FILE = DesafioTabBar/Info.plist;
				INFOPLIST_KEY_UIApplicationSupportsIndirectInputEvents = YES;
				INFOPLIST_KEY_UILaunchStoryboardName = LaunchScreen;
				INFOPLIST_KEY_UIMainStoryboardFile = Main;
				INFOPLIST_KEY_UISupportedInterfaceOrientations_iPad = "UIInterfaceOrientationPortrait UIInterfaceOrientationPortraitUpsideDown UIInterfaceOrientationLandscapeLeft UIInterfaceOrientationLandscapeRight";
				INFOPLIST_KEY_UISupportedInterfaceOrientations_iPhone = "UIInterfaceOrientationPortrait UIInterfaceOrientationLandscapeLeft UIInterfaceOrientationLandscapeRight";
				LD_RUNPATH_SEARCH_PATHS = (
					"$(inherited)",
					"@executable_path/Frameworks",
				);
				MARKETING_VERSION = 1.0;
				PRODUCT_BUNDLE_IDENTIFIER = BackFront.DesafioTabBar;
				PRODUCT_NAME = "$(TARGET_NAME)";
				SWIFT_EMIT_LOC_STRINGS = YES;
				SWIFT_VERSION = 5.0;
				TARGETED_DEVICE_FAMILY = "1,2";
			};
			name = Debug;
		};
		38C6733C29F8B624008F8DA3 /* Release */ = {
			isa = XCBuildConfiguration;
			buildSettings = {
				ASSETCATALOG_COMPILER_APPICON_NAME = AppIcon;
				ASSETCATALOG_COMPILER_GLOBAL_ACCENT_COLOR_NAME = AccentColor;
				CODE_SIGN_STYLE = Automatic;
				CURRENT_PROJECT_VERSION = 1;
				GENERATE_INFOPLIST_FILE = YES;
				INFOPLIST_FILE = DesafioTabBar/Info.plist;
				INFOPLIST_KEY_UIApplicationSupportsIndirectInputEvents = YES;
				INFOPLIST_KEY_UILaunchStoryboardName = LaunchScreen;
				INFOPLIST_KEY_UIMainStoryboardFile = Main;
				INFOPLIST_KEY_UISupportedInterfaceOrientations_iPad = "UIInterfaceOrientationPortrait UIInterfaceOrientationPortraitUpsideDown UIInterfaceOrientationLandscapeLeft UIInterfaceOrientationLandscapeRight";
				INFOPLIST_KEY_UISupportedInterfaceOrientations_iPhone = "UIInterfaceOrientationPortrait UIInterfaceOrientationLandscapeLeft UIInterfaceOrientationLandscapeRight";
				LD_RUNPATH_SEARCH_PATHS = (
					"$(inherited)",
					"@executable_path/Frameworks",
				);
				MARKETING_VERSION = 1.0;
				PRODUCT_BUNDLE_IDENTIFIER = BackFront.DesafioTabBar;
				PRODUCT_NAME = "$(TARGET_NAME)";
				SWIFT_EMIT_LOC_STRINGS = YES;
				SWIFT_VERSION = 5.0;
				TARGETED_DEVICE_FAMILY = "1,2";
			};
			name = Release;
		};
/* End XCBuildConfiguration section */

/* Begin XCConfigurationList section */
		38C6732129F8B623008F8DA3 /* Build configuration list for PBXProject "DesafioTabBar" */ = {
			isa = XCConfigurationList;
			buildConfigurations = (
				38C6733829F8B624008F8DA3 /* Debug */,
				38C6733929F8B624008F8DA3 /* Release */,
			);
			defaultConfigurationIsVisible = 0;
			defaultConfigurationName = Release;
		};
		38C6733A29F8B624008F8DA3 /* Build configuration list for PBXNativeTarget "DesafioTabBar" */ = {
			isa = XCConfigurationList;
			buildConfigurations = (
				38C6733B29F8B624008F8DA3 /* Debug */,
				38C6733C29F8B624008F8DA3 /* Release */,
			);
			defaultConfigurationIsVisible = 0;
			defaultConfigurationName = Release;
		};
/* End XCConfigurationList section */
	};
	rootObject = 38C6731E29F8B623008F8DA3 /* Project object */;
}
